
Microsoft Visual Studio Solution File, Format Version 12.00
# Visual Studio 2013
VisualStudioVersion = 12.0.31101.0
MinimumVisualStudioVersion = 10.0.40219.1
Project("{FAE04EC0-301F-11D3-BF4B-00C04F79EFBC}") = "SdmServer", "server\SdmServer.csproj", "{F09058ED-AD8D-4EA9-BD24-6944493F2443}"
EndProject
Project("{FAE04EC0-301F-11D3-BF4B-00C04F79EFBC}") = "SdmCore", "core\SdmCore.csproj", "{96BA763D-D823-4C37-B884-C2A0278F9E82}"
EndProject
Project("{FAE04EC0-301F-11D3-BF4B-00C04F79EFBC}") = "SdmClient", "client\SdmClient.csproj", "{FF527938-75F8-4584-8E95-40DC685019B2}"
EndProject
Project("{2150E333-8FDC-42A3-9474-1A3956D46DE8}") = "lib", "lib", "{1D336912-9CA2-4D4D-9A1D-45B3219099FF}"
EndProject
Project("{FAE04EC0-301F-11D3-BF4B-00C04F79EFBC}") = "Newtonsoft.Json.Net40", "lib\Newtonsoft.Json\Src\Newtonsoft.Json\Newtonsoft.Json.Net40.csproj", "{A9AE40FF-1A21-414A-9FE7-3BE13644CC6D}"
EndProject
Project("{FAE04EC0-301F-11D3-BF4B-00C04F79EFBC}") = "CryptoNet", "lib\Crypto.NET\Crypto.Net\CryptoNet.csproj", "{C99FD931-AC03-465A-B8A9-C4A665BBAA0E}"
EndProject
Project("{FAE04EC0-301F-11D3-BF4B-00C04F79EFBC}") = "SdmCore.Tests", "SdmCore.Tests\SdmCore.Tests.csproj", "{9285D03A-EDED-4F2F-8EF0-AE2C39031556}"
EndProject
Project("{FAE04EC0-301F-11D3-BF4B-00C04F79EFBC}") = "xrConsole", "lib\xrConsole\xrConsole.csproj", "{B8EB167F-4F36-4899-94D8-E6220DFBB692}"
EndProject
Global
	GlobalSection(SolutionConfigurationPlatforms) = preSolution
		Debug|Any CPU = Debug|Any CPU
		Release|Any CPU = Release|Any CPU
	EndGlobalSection
	GlobalSection(ProjectConfigurationPlatforms) = postSolution
		{F09058ED-AD8D-4EA9-BD24-6944493F2443}.Debug|Any CPU.ActiveCfg = Debug|Any CPU
		{F09058ED-AD8D-4EA9-BD24-6944493F2443}.Debug|Any CPU.Build.0 = Debug|Any CPU
		{F09058ED-AD8D-4EA9-BD24-6944493F2443}.Release|Any CPU.ActiveCfg = Release|Any CPU
		{F09058ED-AD8D-4EA9-BD24-6944493F2443}.Release|Any CPU.Build.0 = Release|Any CPU
		{96BA763D-D823-4C37-B884-C2A0278F9E82}.Debug|Any CPU.ActiveCfg = Debug|Any CPU
		{96BA763D-D823-4C37-B884-C2A0278F9E82}.Debug|Any CPU.Build.0 = Debug|Any CPU
		{96BA763D-D823-4C37-B884-C2A0278F9E82}.Release|Any CPU.ActiveCfg = Release|Any CPU
		{96BA763D-D823-4C37-B884-C2A0278F9E82}.Release|Any CPU.Build.0 = Release|Any CPU
		{FF527938-75F8-4584-8E95-40DC685019B2}.Debug|Any CPU.ActiveCfg = Debug|Any CPU
		{FF527938-75F8-4584-8E95-40DC685019B2}.Debug|Any CPU.Build.0 = Debug|Any CPU
		{FF527938-75F8-4584-8E95-40DC685019B2}.Release|Any CPU.ActiveCfg = Release|Any CPU
		{FF527938-75F8-4584-8E95-40DC685019B2}.Release|Any CPU.Build.0 = Release|Any CPU
		{A9AE40FF-1A21-414A-9FE7-3BE13644CC6D}.Debug|Any CPU.ActiveCfg = Debug|Any CPU
		{A9AE40FF-1A21-414A-9FE7-3BE13644CC6D}.Debug|Any CPU.Build.0 = Debug|Any CPU
		{A9AE40FF-1A21-414A-9FE7-3BE13644CC6D}.Release|Any CPU.ActiveCfg = Release|Any CPU
		{A9AE40FF-1A21-414A-9FE7-3BE13644CC6D}.Release|Any CPU.Build.0 = Release|Any CPU
		{C99FD931-AC03-465A-B8A9-C4A665BBAA0E}.Debug|Any CPU.ActiveCfg = Debug|Any CPU
		{C99FD931-AC03-465A-B8A9-C4A665BBAA0E}.Debug|Any CPU.Build.0 = Debug|Any CPU
		{C99FD931-AC03-465A-B8A9-C4A665BBAA0E}.Release|Any CPU.ActiveCfg = Release|Any CPU
		{C99FD931-AC03-465A-B8A9-C4A665BBAA0E}.Release|Any CPU.Build.0 = Release|Any CPU
		{9285D03A-EDED-4F2F-8EF0-AE2C39031556}.Debug|Any CPU.ActiveCfg = Debug|Any CPU
		{9285D03A-EDED-4F2F-8EF0-AE2C39031556}.Debug|Any CPU.Build.0 = Debug|Any CPU
		{9285D03A-EDED-4F2F-8EF0-AE2C39031556}.Release|Any CPU.ActiveCfg = Release|Any CPU
		{9285D03A-EDED-4F2F-8EF0-AE2C39031556}.Release|Any CPU.Build.0 = Release|Any CPU
		{B8EB167F-4F36-4899-94D8-E6220DFBB692}.Debug|Any CPU.ActiveCfg = Debug|Any CPU
		{B8EB167F-4F36-4899-94D8-E6220DFBB692}.Debug|Any CPU.Build.0 = Debug|Any CPU
		{B8EB167F-4F36-4899-94D8-E6220DFBB692}.Release|Any CPU.ActiveCfg = Release|Any CPU
		{B8EB167F-4F36-4899-94D8-E6220DFBB692}.Release|Any CPU.Build.0 = Release|Any CPU
	EndGlobalSection
	GlobalSection(SolutionProperties) = preSolution
		HideSolutionNode = FALSE
	EndGlobalSection
	GlobalSection(NestedProjects) = preSolution
		{A9AE40FF-1A21-414A-9FE7-3BE13644CC6D} = {1D336912-9CA2-4D4D-9A1D-45B3219099FF}
		{C99FD931-AC03-465A-B8A9-C4A665BBAA0E} = {1D336912-9CA2-4D4D-9A1D-45B3219099FF}
		{B8EB167F-4F36-4899-94D8-E6220DFBB692} = {1D336912-9CA2-4D4D-9A1D-45B3219099FF}
	EndGlobalSection
EndGlobal
